
Microsoft Visual Studio Solution File, Format Version 12.00
# Visual Studio Version 16
VisualStudioVersion = 16.0.30907.101
MinimumVisualStudioVersion = 10.0.40219.1
Project("{FAE04EC0-301F-11D3-BF4B-00C04F79EFBC}") = "PropertiesReader", "PropertiesReader\PropertiesReader.csproj", "{EA69B82E-935E-45E6-98BA-205A14AE1304}"
EndProject
Global
	GlobalSection(SolutionConfigurationPlatforms) = preSolution
		Debug|Any CPU = Debug|Any CPU
		Release|Any CPU = Release|Any CPU
	EndGlobalSection
	GlobalSection(ProjectConfigurationPlatforms) = postSolution
		{EA69B82E-935E-45E6-98BA-205A14AE1304}.Debug|Any CPU.ActiveCfg = Debug|Any CPU
		{EA69B82E-935E-45E6-98BA-205A14AE1304}.Debug|Any CPU.Build.0 = Debug|Any CPU
		{EA69B82E-935E-45E6-98BA-205A14AE1304}.Release|Any CPU.ActiveCfg = Release|Any CPU
		{EA69B82E-935E-45E6-98BA-205A14AE1304}.Release|Any CPU.Build.0 = Release|Any CPU
	EndGlobalSection
	GlobalSection(SolutionProperties) = preSolution
		HideSolutionNode = FALSE
	EndGlobalSection
	GlobalSection(ExtensibilityGlobals) = postSolution
		SolutionGuid = {41EAE665-6145-43E2-9220-3CF18D3BCF60}
	EndGlobalSection
EndGlobal
